#MicroXplorer Configuration settings - do not modify
ADC1.Channel-0\#ChannelRegularConversion=ADC_CHANNEL_1
ADC1.IPParameters=SubFamily,Rank-0\#ChannelRegularConversion,Channel-0\#ChannelRegularConversion,SamplingTime-0\#ChannelRegularConversion,OffsetNumber-0\#ChannelRegularConversion,Offset-0\#ChannelRegularConversion,NbrOfConversionFlag,master
ADC1.NbrOfConversionFlag=1
ADC1.Offset-0\#ChannelRegularConversion=0
ADC1.OffsetNumber-0\#ChannelRegularConversion=ADC_OFFSET_NONE
ADC1.Rank-0\#ChannelRegularConversion=1
ADC1.SamplingTime-0\#ChannelRegularConversion=ADC_SAMPLETIME_1CYCLE_5
ADC1.SubFamily=STM32F303x8
ADC1.master=1
ADC2.Channel-0\#ChannelRegularConversion=ADC_CHANNEL_3
ADC2.IPParameters=SubFamily,Rank-0\#ChannelRegularConversion,Channel-0\#ChannelRegularConversion,SamplingTime-0\#ChannelRegularConversion,OffsetNumber-0\#ChannelRegularConversion,Offset-0\#ChannelRegularConversion,NbrOfConversionFlag
ADC2.NbrOfConversionFlag=1
ADC2.Offset-0\#ChannelRegularConversion=0
ADC2.OffsetNumber-0\#ChannelRegularConversion=ADC_OFFSET_NONE
ADC2.Rank-0\#ChannelRegularConversion=1
ADC2.SamplingTime-0\#ChannelRegularConversion=ADC_SAMPLETIME_1CYCLE_5
ADC2.SubFamily=STM32F303x8
COMP2.IPParameters=InvertingInput
COMP2.InvertingInput=COMP_INVERTINGINPUT_DAC2_CH1
COMP4.IPParameters=InvertingInput
COMP4.InvertingInput=COMP_INVERTINGINPUT_DAC2_CH1
File.Version=6
KeepUserPlacement=true
Mcu.Family=STM32F3
Mcu.IP0=ADC1
Mcu.IP1=ADC2
Mcu.IP10=TIM6
Mcu.IP11=TIM7
Mcu.IP12=TIM16
Mcu.IP13=TIM17
Mcu.IP14=USART1
Mcu.IP2=COMP2
Mcu.IP3=COMP4
Mcu.IP4=DAC1
Mcu.IP5=DAC2
Mcu.IP6=IWDG
Mcu.IP7=NVIC
Mcu.IP8=RCC
Mcu.IP9=SYS
Mcu.IPNb=15
Mcu.Name=STM32F303K(6-8)Tx
Mcu.Package=LQFP32
Mcu.Pin0=PA0
Mcu.Pin1=PA2
Mcu.Pin10=PA13
Mcu.Pin11=PA14
Mcu.Pin12=PB4
Mcu.Pin13=PB5
Mcu.Pin14=VP_COMP2_VS_DAC2OUT1
Mcu.Pin15=VP_COMP4_VS_DAC2OUT1
Mcu.Pin16=VP_DAC2_Switcher_Out1
Mcu.Pin17=VP_IWDG_VS_IWDG
Mcu.Pin18=VP_TIM6_VS_ClockSourceINT
Mcu.Pin19=VP_TIM7_VS_ClockSourceINT
Mcu.Pin2=PA4
Mcu.Pin20=VP_TIM16_VS_ClockSourceINT
Mcu.Pin21=VP_TIM17_VS_ClockSourceINT
Mcu.Pin3=PA5
Mcu.Pin4=PA6
Mcu.Pin5=PA7
Mcu.Pin6=PB0
Mcu.Pin7=PB1
Mcu.Pin8=PA9
Mcu.Pin9=PA10
Mcu.PinsNb=22
Mcu.UserConstants=
Mcu.UserName=STM32F303K8Tx
MxCube.Version=4.19.0
MxDb.Version=DB.4.0.190
NVIC.BusFault_IRQn=true\:0\:0\:false\:false\:true
NVIC.DebugMonitor_IRQn=true\:0\:0\:false\:false\:true
NVIC.HardFault_IRQn=true\:0\:0\:false\:false\:true
NVIC.MemoryManagement_IRQn=true\:0\:0\:false\:false\:true
NVIC.NonMaskableInt_IRQn=true\:0\:0\:false\:false\:true
NVIC.PendSV_IRQn=true\:0\:0\:false\:false\:true
NVIC.PriorityGroup=NVIC_PRIORITYGROUP_4
NVIC.SVCall_IRQn=true\:0\:0\:false\:false\:true
NVIC.SysTick_IRQn=true\:0\:0\:false\:false\:true
NVIC.UsageFault_IRQn=true\:0\:0\:false\:false\:true
PA0.Locked=true
PA0.Mode=IN1-Single-Ended
PA0.Signal=ADC1_IN1
PA10.Mode=Asynchronous
PA10.Signal=USART1_RX
PA13.Mode=Serial_Wire
PA13.Signal=SYS_JTMS-SWDIO
PA14.Mode=Serial_Wire
PA14.Signal=SYS_JTCK-SWCLK
PA2.Mode=ExternalOutput
PA2.Signal=COMP2_OUT
PA4.Signal=COMP_DAC11_group
PA5.Signal=COMP_DAC12_group
PA6.Locked=true
PA6.Mode=IN3-Single-Ended
PA6.Signal=ADC2_IN3
PA7.Mode=INP
PA7.Signal=COMP2_INP
PA9.Mode=Asynchronous
PA9.Signal=USART1_TX
PB0.Mode=INP
PB0.Signal=COMP4_INP
PB1.Mode=ExternalOutput
PB1.Signal=COMP4_OUT
PB4.Locked=true
PB4.Signal=S_TIM16_CH1
PB5.Locked=true
PB5.Signal=S_TIM17_CH1
PCC.Checker=false
PCC.Line=STM32F303
PCC.MCU=STM32F303K(6-8)Tx
PCC.MXVersion=4.19.0
PCC.PartNumber=STM32F303K8Tx
PCC.Seq0=0
PCC.Series=STM32F3
PCC.Temperature=25
PCC.Vdd=3.6
RCC.AHBFreq_Value=8000000
RCC.APB1Freq_Value=8000000
RCC.APB2Freq_Value=8000000
RCC.CortexFreq_Value=8000000
RCC.FamilyName=M
RCC.HSEPLLFreq_Value=8000000
RCC.HSE_VALUE=8000000
RCC.HSIPLLFreq_Value=4000000
RCC.HSI_VALUE=8000000
RCC.I2C1Freq_Value=8000000
RCC.IPParameters=AHBFreq_Value,APB1Freq_Value,APB2Freq_Value,CortexFreq_Value,FamilyName,HSEPLLFreq_Value,HSE_VALUE,HSIPLLFreq_Value,HSI_VALUE,I2C1Freq_Value,LSI_VALUE,PLLCLKFreq_Value,PLLMCOFreq_Value,RTCFreq_Value,RTCHSEDivFreq_Value,SYSCLKFreq_VALUE,TIM2Freq_Value,USART1Freq_Value,VCOOutput2Freq_Value
RCC.LSI_VALUE=40000
RCC.PLLCLKFreq_Value=8000000
RCC.PLLMCOFreq_Value=8000000
RCC.RTCFreq_Value=40000
RCC.RTCHSEDivFreq_Value=250000
RCC.SYSCLKFreq_VALUE=8000000
RCC.TIM2Freq_Value=8000000
RCC.USART1Freq_Value=8000000
RCC.VCOOutput2Freq_Value=4000000
SH.COMP_DAC11_group.0=DAC1_OUT1,DAC_OUT1
SH.COMP_DAC11_group.ConfNb=1
SH.COMP_DAC12_group.0=DAC1_OUT2,DAC_OUT2
SH.COMP_DAC12_group.ConfNb=1
SH.S_TIM16_CH1.0=TIM16_CH1,Output Compare1 CH1
SH.S_TIM16_CH1.ConfNb=1
SH.S_TIM17_CH1.0=TIM17_CH1,Output Compare1 CH1
SH.S_TIM17_CH1.ConfNb=1
VP_COMP2_VS_DAC2OUT1.Mode=INM_DAC2OUT1
VP_COMP2_VS_DAC2OUT1.Signal=COMP2_VS_DAC2OUT1
VP_COMP4_VS_DAC2OUT1.Mode=INM_DAC2OUT1
VP_COMP4_VS_DAC2OUT1.Signal=COMP4_VS_DAC2OUT1
VP_DAC2_Switcher_Out1.Mode=Switch_Disable_OUT1
VP_DAC2_Switcher_Out1.Signal=DAC2_Switcher_Out1
VP_IWDG_VS_IWDG.Mode=IWDG_Activate
VP_IWDG_VS_IWDG.Signal=IWDG_VS_IWDG
VP_TIM16_VS_ClockSourceINT.Mode=Enable_Timer
VP_TIM16_VS_ClockSourceINT.Signal=TIM16_VS_ClockSourceINT
VP_TIM17_VS_ClockSourceINT.Mode=Enable_Timer
VP_TIM17_VS_ClockSourceINT.Signal=TIM17_VS_ClockSourceINT
VP_TIM6_VS_ClockSourceINT.Mode=Enable_Timer
VP_TIM6_VS_ClockSourceINT.Signal=TIM6_VS_ClockSourceINT
VP_TIM7_VS_ClockSourceINT.Mode=Enable_Timer
VP_TIM7_VS_ClockSourceINT.Signal=TIM7_VS_ClockSourceINT
